
Microsoft Visual Studio Solution File, Format Version 12.00
# Visual Studio Version 17
VisualStudioVersion = 17.3.32929.385
MinimumVisualStudioVersion = 10.0.40219.1
Project("{FAE04EC0-301F-11D3-BF4B-00C04F79EFBC}") = "Upp6", "Upp6.csproj", "{9863BB51-A551-41A9-A011-2BE1C8332BF3}"
EndProject
Global
	GlobalSection(SolutionConfigurationPlatforms) = preSolution
		Debug|Any CPU = Debug|Any CPU
		Release|Any CPU = Release|Any CPU
	EndGlobalSection
	GlobalSection(ProjectConfigurationPlatforms) = postSolution
		{9863BB51-A551-41A9-A011-2BE1C8332BF3}.Debug|Any CPU.ActiveCfg = Debug|Any CPU
		{9863BB51-A551-41A9-A011-2BE1C8332BF3}.Debug|Any CPU.Build.0 = Debug|Any CPU
		{9863BB51-A551-41A9-A011-2BE1C8332BF3}.Release|Any CPU.ActiveCfg = Release|Any CPU
		{9863BB51-A551-41A9-A011-2BE1C8332BF3}.Release|Any CPU.Build.0 = Release|Any CPU
	EndGlobalSection
	GlobalSection(SolutionProperties) = preSolution
		HideSolutionNode = FALSE
	EndGlobalSection
	GlobalSection(ExtensibilityGlobals) = postSolution
		SolutionGuid = {03293B94-FC71-4B49-A583-E8031D200F10}
	EndGlobalSection
EndGlobal
